
Microsoft Visual Studio Solution File, Format Version 12.00
# Visual Studio 2013
VisualStudioVersion = 12.0.21005.1
MinimumVisualStudioVersion = 10.0.40219.1
Project("{FAE04EC0-301F-11D3-BF4B-00C04F79EFBC}") = "News_Management_System", "News_Management_System\News_Management_System.csproj", "{92227DD4-524C-4D3B-9CDC-05DC1476CA21}"
EndProject
Global
	GlobalSection(SolutionConfigurationPlatforms) = preSolution
		Debug|Any CPU = Debug|Any CPU
		Release|Any CPU = Release|Any CPU
	EndGlobalSection
	GlobalSection(ProjectConfigurationPlatforms) = postSolution
		{92227DD4-524C-4D3B-9CDC-05DC1476CA21}.Debug|Any CPU.ActiveCfg = Debug|Any CPU
		{92227DD4-524C-4D3B-9CDC-05DC1476CA21}.Debug|Any CPU.Build.0 = Debug|Any CPU
		{92227DD4-524C-4D3B-9CDC-05DC1476CA21}.Release|Any CPU.ActiveCfg = Release|Any CPU
		{92227DD4-524C-4D3B-9CDC-05DC1476CA21}.Release|Any CPU.Build.0 = Release|Any CPU
	EndGlobalSection
	GlobalSection(SolutionProperties) = preSolution
		HideSolutionNode = FALSE
	EndGlobalSection
EndGlobal
